// !$*UTF8*$!
{
	archiveVersion = 1;
	classes = {
	};
	objectVersion = 50;
	objects = {

/* Begin PBXAggregateTarget section */
		58846D11232A37B8002B3D27 /* frameworkShell */ = {
			isa = PBXAggregateTarget;
			buildConfigurationList = 58846D14232A37B8002B3D27 /* Build configuration list for PBXAggregateTarget "frameworkShell" */;
			buildPhases = (
				58846D15232A37C4002B3D27 /* ShellScript */,
			);
			dependencies = (
			);
			name = frameworkShell;
			productName = frameworkShell;
		};
/* End PBXAggregateTarget section */

/* Begin PBXBuildFile section */
		581AAE04232A49470095ACB2 /* frameworkTestResult.h in Headers */ = {isa = PBXBuildFile; fileRef = 58E9E336232A35C90033A27E /* frameworkTestResult.h */; settings = {ATTRIBUTES = (Public, ); }; };
		58A6F829232A5CE600C7F4AA /* FramewrokTest.h in Headers */ = {isa = PBXBuildFile; fileRef = 58A6F828232A5CE600C7F4AA /* FramewrokTest.h */; };
		58E9E335232A35B30033A27E /* frameworkTestResult.m in Sources */ = {isa = PBXBuildFile; fileRef = 58E9E334232A35B30033A27E /* frameworkTestResult.m */; };
/* End PBXBuildFile section */

/* Begin PBXFileReference section */
		58A6F828232A5CE600C7F4AA /* FramewrokTest.h */ = {isa = PBXFileReference; fileEncoding = 4; lastKnownFileType = sourcecode.c.h; path = FramewrokTest.h; sourceTree = "<group>"; };
		58E9E329232A35070033A27E /* FramewrokTest.framework */ = {isa = PBXFileReference; explicitFileType = wrapper.framework; includeInIndex = 0; path = FramewrokTest.framework; sourceTree = BUILT_PRODUCTS_DIR; };
		58E9E32D232A35070033A27E /* Info.plist */ = {isa = PBXFileReference; lastKnownFileType = text.plist.xml; path = Info.plist; sourceTree = "<group>"; };
		58E9E334232A35B30033A27E /* frameworkTestResult.m */ = {isa = PBXFileReference; lastKnownFileType = sourcecode.c.objc; path = frameworkTestResult.m; sourceTree = "<group>"; };
		58E9E336232A35C90033A27E /* frameworkTestResult.h */ = {isa = PBXFileReference; lastKnownFileType = sourcecode.c.h; path = frameworkTestResult.h; sourceTree = "<group>"; };
/* End PBXFileReference section */

/* Begin PBXFrameworksBuildPhase section */
		58E9E326232A35070033A27E /* Frameworks */ = {
			isa = PBXFrameworksBuildPhase;
			buildActionMask = 2147483647;
			files = (
			);
			runOnlyForDeploymentPostprocessing = 0;
		};
/* End PBXFrameworksBuildPhase section */

/* Begin PBXGroup section */
		58E9E31F232A35070033A27E = {
			isa = PBXGroup;
			children = (
				58E9E32B232A35070033A27E /* FramewrokTest */,
				58E9E32A232A35070033A27E /* Products */,
			);
			sourceTree = "<group>";
		};
		58E9E32A232A35070033A27E /* Products */ = {
			isa = PBXGroup;
			children = (
				58E9E329232A35070033A27E /* FramewrokTest.framework */,
			);
			name = Products;
			sourceTree = "<group>";
		};
		58E9E32B232A35070033A27E /* FramewrokTest */ = {
			isa = PBXGroup;
			children = (
				58E9E334232A35B30033A27E /* frameworkTestResult.m */,
				58E9E336232A35C90033A27E /* frameworkTestResult.h */,
				58A6F828232A5CE600C7F4AA /* FramewrokTest.h */,
				58E9E32D232A35070033A27E /* Info.plist */,
			);
			path = FramewrokTest;
			sourceTree = "<group>";
		};
/* End PBXGroup section */

/* Begin PBXHeadersBuildPhase section */
		58E9E324232A35070033A27E /* Headers */ = {
			isa = PBXHeadersBuildPhase;
			buildActionMask = 2147483647;
			files = (
				581AAE04232A49470095ACB2 /* frameworkTestResult.h in Headers */,
				58A6F829232A5CE600C7F4AA /* FramewrokTest.h in Headers */,
			);
			runOnlyForDeploymentPostprocessing = 0;
		};
/* End PBXHeadersBuildPhase section */

/* Begin PBXNativeTarget section */
		58E9E328232A35070033A27E /* FramewrokTest */ = {
			isa = PBXNativeTarget;
			buildConfigurationList = 58E9E331232A35070033A27E /* Build configuration list for PBXNativeTarget "FramewrokTest" */;
			buildPhases = (
				58E9E324232A35070033A27E /* Headers */,
				58E9E325232A35070033A27E /* Sources */,
				58E9E326232A35070033A27E /* Frameworks */,
				58E9E327232A35070033A27E /* Resources */,
			);
			buildRules = (
			);
			dependencies = (
			);
			name = FramewrokTest;
			productName = FramewrokTest;
			productReference = 58E9E329232A35070033A27E /* FramewrokTest.framework */;
			productType = "com.apple.product-type.framework";
		};
/* End PBXNativeTarget section */

/* Begin PBXProject section */
		58E9E320232A35070033A27E /* Project object */ = {
			isa = PBXProject;
			attributes = {
				LastUpgradeCheck = 1100;
				ORGANIZATIONNAME = "yixian huang";
				TargetAttributes = {
					58846D11232A37B8002B3D27 = {
						CreatedOnToolsVersion = 11.0;
					};
					58E9E328232A35070033A27E = {
						CreatedOnToolsVersion = 11.0;
					};
				};
			};
			buildConfigurationList = 58E9E323232A35070033A27E /* Build configuration list for PBXProject "FramewrokTest" */;
			compatibilityVersion = "Xcode 9.3";
			developmentRegion = en;
			hasScannedForEncodings = 0;
			knownRegions = (
				en,
				Base,
			);
			mainGroup = 58E9E31F232A35070033A27E;
			productRefGroup = 58E9E32A232A35070033A27E /* Products */;
			projectDirPath = "";
			projectRoot = "";
			targets = (
				58E9E328232A35070033A27E /* FramewrokTest */,
				58846D11232A37B8002B3D27 /* frameworkShell */,
			);
		};
/* End PBXProject section */

/* Begin PBXResourcesBuildPhase section */
		58E9E327232A35070033A27E /* Resources */ = {
			isa = PBXResourcesBuildPhase;
			buildActionMask = 2147483647;
			files = (
			);
			runOnlyForDeploymentPostprocessing = 0;
		};
/* End PBXResourcesBuildPhase section */

/* Begin PBXShellScriptBuildPhase section */
		58846D15232A37C4002B3D27 /* ShellScript */ = {
			isa = PBXShellScriptBuildPhase;
			buildActionMask = 2147483647;
			files = (
			);
			inputFileListPaths = (
			);
			inputPaths = (
			);
			outputFileListPaths = (
			);
			outputPaths = (
			);
			runOnlyForDeploymentPostprocessing = 0;
			shellPath = /bin/sh;
			shellScript = "if [ \"${ACTION}\" = \"build\" ]\nthen\n\n#要build的target名\ntarget_Name=${PROJECT_NAME}\n    echo \"target_Name=${target_Name}\"\n\n#build之后的文件夹路径\nbuild_DIR=${SRCROOT}/build\n    echo \"build_DIR=${build_DIR}\"\n\n#真机build生成的头文件的文件夹路径\nDEVICE_DIR_INCLUDE=${build_DIR}/Release-iphoneos/${PROJECT_NAME}.framework/Headers\n    echo \"DEVICE_DIR_INCLUDE=${DEVICE_DIR_INCLUDE}\"\n\n#真机build生成的.a文件路径\nDEVICE_DIR_A=${build_DIR}/Release-iphoneos/${PROJECT_NAME}.framework/${PROJECT_NAME}\n    echo \"DEVICE_DIR_A=${DEVICE_DIR_A}\"\n\nDEVICE_DIR_M=${build_DIR}/Release-iphoneos/${PROJECT_NAME}.framework/Modules\n    echo \"DEVICE_DIR_A=${DEVICE_DIR_M}\"\n\n\nDEVICE_DIR_P=${build_DIR}/Release-iphoneos/${PROJECT_NAME}.framework/Info.plist\n    echo \"DEVICE_DIR_A=${DEVICE_DIR_P}\"\n\n#模拟器build生成的.a文件路径\nSIMULATOR_DIR_A=${build_DIR}/Release-iphonesimulator/${PROJECT_NAME}.framework/${PROJECT_NAME}\n    echo \"SIMULATOR_DIR_A=${SIMULATOR_DIR_A}\"\n\n#目标文件夹路径\nINSTALL_DIR=${SRCROOT}/Products/${PROJECT_NAME}.framework\n    echo \"INSTALL_DIR=${INSTALL_DIR}\"\n\n#目标头文件文件夹路径\nINSTALL_DIR_Headers=${INSTALL_DIR}/Headers\n    echo \"INSTALL_DIR_Headers=${INSTALL_DIR_Headers}\"\n\n#目标.a路径\nINSTALL_DIR_A=${INSTALL_DIR}/${PROJECT_NAME}\n    echo \"INSTALL_DIR_A=${INSTALL_DIR_A}\"\n\n#目标Modules文件夹路径\nINSTALL_DIR_M=${INSTALL_DIR}/Modules\n\nINSTALL_DIR_P=${INSTALL_DIR}/Info.plist\n\n#判断build文件夹是否存在，存在则删除\nif [ -d \"${build_DIR}\" ]\nthen\nrm -rf \"${build_DIR}\"\nfi\n\n#判断目标文件夹是否存在，存在则删除该文件夹\nif [ -d \"${INSTALL_DIR}\" ]\nthen\nrm -rf \"${INSTALL_DIR}\"\nfi\n#创建目标文件夹\nmkdir -p \"${INSTALL_DIR}\"\n\n#build之前clean一下\nxcodebuild -target ${target_Name} clean\n\n#模拟器build\nxcodebuild -target ${target_Name} -configuration Release -sdk iphonesimulator\n\n#真机build\nxcodebuild -target ${target_Name} -configuration Release -sdk iphoneos\n\n#复制头文件到目标文件夹\ncp -R \"${DEVICE_DIR_INCLUDE}\" \"${INSTALL_DIR_Headers}\"\n\ncp -R \"${DEVICE_DIR_M}\" \"${INSTALL_DIR_M}\"\n\ncp -R \"${DEVICE_DIR_P}\" \"${INSTALL_DIR_P}\"\n\n#合成模拟器和真机.a包\nlipo -create \"${DEVICE_DIR_A}\" \"${SIMULATOR_DIR_A}\" -output \"${INSTALL_DIR_A}\"\n\n#打开目标文件夹\nopen \"${INSTALL_DIR}\"\n\nfi\n";
		};
/* End PBXShellScriptBuildPhase section */

/* Begin PBXSourcesBuildPhase section */
		58E9E325232A35070033A27E /* Sources */ = {
			isa = PBXSourcesBuildPhase;
			buildActionMask = 2147483647;
			files = (
				58E9E335232A35B30033A27E /* frameworkTestResult.m in Sources */,
			);
			runOnlyForDeploymentPostprocessing = 0;
		};
/* End PBXSourcesBuildPhase section */

/* Begin XCBuildConfiguration section */
		58846D12232A37B8002B3D27 /* Debug */ = {
			isa = XCBuildConfiguration;
			buildSettings = {
				CODE_SIGN_STYLE = Automatic;
				DEVELOPMENT_TEAM = QK52KGCUT2;
				IPHONEOS_DEPLOYMENT_TARGET = 8.0;
				PRODUCT_NAME = "$(TARGET_NAME)";
			};
			name = Debug;
		};
		58846D13232A37B8002B3D27 /* Release */ = {
			isa = XCBuildConfiguration;
			buildSettings = {
				CODE_SIGN_STYLE = Automatic;
				DEVELOPMENT_TEAM = QK52KGCUT2;
				IPHONEOS_DEPLOYMENT_TARGET = 8.0;
				PRODUCT_NAME = "$(TARGET_NAME)";
			};
			name = Release;
		};
		58E9E32F232A35070033A27E /* Debug */ = {
			isa = XCBuildConfiguration;
			buildSettings = {
				ALWAYS_SEARCH_USER_PATHS = NO;
				CLANG_ANALYZER_NONNULL = YES;
				CLANG_ANALYZER_NUMBER_OBJECT_CONVERSION = YES_AGGRESSIVE;
				CLANG_CXX_LANGUAGE_STANDARD = "gnu++14";
				CLANG_CXX_LIBRARY = "libc++";
				CLANG_ENABLE_MODULES = YES;
				CLANG_ENABLE_OBJC_ARC = YES;
				CLANG_ENABLE_OBJC_WEAK = YES;
				CLANG_WARN_BLOCK_CAPTURE_AUTORELEASING = YES;
				CLANG_WARN_BOOL_CONVERSION = YES;
				CLANG_WARN_COMMA = YES;
				CLANG_WARN_CONSTANT_CONVERSION = YES;
				CLANG_WARN_DEPRECATED_OBJC_IMPLEMENTATIONS = YES;
				CLANG_WARN_DIRECT_OBJC_ISA_USAGE = YES_ERROR;
				CLANG_WARN_DOCUMENTATION_COMMENTS = YES;
				CLANG_WARN_EMPTY_BODY = YES;
				CLANG_WARN_ENUM_CONVERSION = YES;
				CLANG_WARN_INFINITE_RECURSION = YES;
				CLANG_WARN_INT_CONVERSION = YES;
				CLANG_WARN_NON_LITERAL_NULL_CONVERSION = YES;
				CLANG_WARN_OBJC_IMPLICIT_RETAIN_SELF = YES;
				CLANG_WARN_OBJC_LITERAL_CONVERSION = YES;
				CLANG_WARN_OBJC_ROOT_CLASS = YES_ERROR;
				CLANG_WARN_RANGE_LOOP_ANALYSIS = YES;
				CLANG_WARN_STRICT_PROTOTYPES = YES;
				CLANG_WARN_SUSPICIOUS_MOVE = YES;
				CLANG_WARN_UNGUARDED_AVAILABILITY = YES_AGGRESSIVE;
				CLANG_WARN_UNREACHABLE_CODE = YES;
				CLANG_WARN__DUPLICATE_METHOD_MATCH = YES;
				COPY_PHASE_STRIP = NO;
				CURRENT_PROJECT_VERSION = 1;
				DEBUG_INFORMATION_FORMAT = dwarf;
				ENABLE_STRICT_OBJC_MSGSEND = YES;
				ENABLE_TESTABILITY = YES;
				GCC_C_LANGUAGE_STANDARD = gnu11;
				GCC_DYNAMIC_NO_PIC = NO;
				GCC_NO_COMMON_BLOCKS = YES;
				GCC_OPTIMIZATION_LEVEL = 0;
				GCC_PREPROCESSOR_DEFINITIONS = (
					"DEBUG=1",
					"$(inherited)",
				);
				GCC_WARN_64_TO_32_BIT_CONVERSION = YES;
				GCC_WARN_ABOUT_RETURN_TYPE = YES_ERROR;
				GCC_WARN_UNDECLARED_SELECTOR = YES;
				GCC_WARN_UNINITIALIZED_AUTOS = YES_AGGRESSIVE;
				GCC_WARN_UNUSED_FUNCTION = YES;
				GCC_WARN_UNUSED_VARIABLE = YES;
				IPHONEOS_DEPLOYMENT_TARGET = 13.0;
				MTL_ENABLE_DEBUG_INFO = INCLUDE_SOURCE;
				MTL_FAST_MATH = YES;
				ONLY_ACTIVE_ARCH = YES;
				SDKROOT = iphoneos;
				VERSIONING_SYSTEM = "apple-generic";
				VERSION_INFO_PREFIX = "";
			};
			name = Debug;
		};
		58E9E330232A35070033A27E /* Release */ = {
			isa = XCBuildConfiguration;
			buildSettings = {
				ALWAYS_SEARCH_USER_PATHS = NO;
				CLANG_ANALYZER_NONNULL = YES;
				CLANG_ANALYZER_NUMBER_OBJECT_CONVERSION = YES_AGGRESSIVE;
				CLANG_CXX_LANGUAGE_STANDARD = "gnu++14";
				CLANG_CXX_LIBRARY = "libc++";
				CLANG_ENABLE_MODULES = YES;
				CLANG_ENABLE_OBJC_ARC = YES;
				CLANG_ENABLE_OBJC_WEAK = YES;
				CLANG_WARN_BLOCK_CAPTURE_AUTORELEASING = YES;
				CLANG_WARN_BOOL_CONVERSION = YES;
				CLANG_WARN_COMMA = YES;
				CLANG_WARN_CONSTANT_CONVERSION = YES;
				CLANG_WARN_DEPRECATED_OBJC_IMPLEMENTATIONS = YES;
				CLANG_WARN_DIRECT_OBJC_ISA_USAGE = YES_ERROR;
				CLANG_WARN_DOCUMENTATION_COMMENTS = YES;
				CLANG_WARN_EMPTY_BODY = YES;
				CLANG_WARN_ENUM_CONVERSION = YES;
				CLANG_WARN_INFINITE_RECURSION = YES;
				CLANG_WARN_INT_CONVERSION = YES;
				CLANG_WARN_NON_LITERAL_NULL_CONVERSION = YES;
				CLANG_WARN_OBJC_IMPLICIT_RETAIN_SELF = YES;
				CLANG_WARN_OBJC_LITERAL_CONVERSION = YES;
				CLANG_WARN_OBJC_ROOT_CLASS = YES_ERROR;
				CLANG_WARN_RANGE_LOOP_ANALYSIS = YES;
				CLANG_WARN_STRICT_PROTOTYPES = YES;
				CLANG_WARN_SUSPICIOUS_MOVE = YES;
				CLANG_WARN_UNGUARDED_AVAILABILITY = YES_AGGRESSIVE;
				CLANG_WARN_UNREACHABLE_CODE = YES;
				CLANG_WARN__DUPLICATE_METHOD_MATCH = YES;
				COPY_PHASE_STRIP = NO;
				CURRENT_PROJECT_VERSION = 1;
				DEBUG_INFORMATION_FORMAT = "dwarf-with-dsym";
				ENABLE_NS_ASSERTIONS = NO;
				ENABLE_STRICT_OBJC_MSGSEND = YES;
				GCC_C_LANGUAGE_STANDARD = gnu11;
				GCC_NO_COMMON_BLOCKS = YES;
				GCC_WARN_64_TO_32_BIT_CONVERSION = YES;
				GCC_WARN_ABOUT_RETURN_TYPE = YES_ERROR;
				GCC_WARN_UNDECLARED_SELECTOR = YES;
				GCC_WARN_UNINITIALIZED_AUTOS = YES_AGGRESSIVE;
				GCC_WARN_UNUSED_FUNCTION = YES;
				GCC_WARN_UNUSED_VARIABLE = YES;
				IPHONEOS_DEPLOYMENT_TARGET = 13.0;
				MTL_ENABLE_DEBUG_INFO = NO;
				MTL_FAST_MATH = YES;
				SDKROOT = iphoneos;
				VALIDATE_PRODUCT = YES;
				VERSIONING_SYSTEM = "apple-generic";
				VERSION_INFO_PREFIX = "";
			};
			name = Release;
		};
		58E9E332232A35070033A27E /* Debug */ = {
			isa = XCBuildConfiguration;
			buildSettings = {
				CODE_SIGN_STYLE = Automatic;
				DEFINES_MODULE = YES;
				DEVELOPMENT_TEAM = QK52KGCUT2;
				DYLIB_COMPATIBILITY_VERSION = 1;
				DYLIB_CURRENT_VERSION = 1;
				DYLIB_INSTALL_NAME_BASE = "@rpath";
				INFOPLIST_FILE = FramewrokTest/Info.plist;
				INSTALL_PATH = "$(LOCAL_LIBRARY_DIR)/Frameworks";
				IPHONEOS_DEPLOYMENT_TARGET = 8.0;
				LD_RUNPATH_SEARCH_PATHS = (
					"$(inherited)",
					"@executable_path/Frameworks",
					"@loader_path/Frameworks",
				);
				MACH_O_TYPE = staticlib;
				ONLY_ACTIVE_ARCH = NO;
				PRODUCT_BUNDLE_IDENTIFIER = com.yodo1.FramewrokTest;
				PRODUCT_NAME = "$(TARGET_NAME:c99extidentifier)";
				SKIP_INSTALL = YES;
				TARGETED_DEVICE_FAMILY = "1,2";
			};
			name = Debug;
		};
		58E9E333232A35070033A27E /* Release */ = {
			isa = XCBuildConfiguration;
			buildSettings = {
				CODE_SIGN_STYLE = Automatic;
				DEFINES_MODULE = YES;
				DEVELOPMENT_TEAM = QK52KGCUT2;
				DYLIB_COMPATIBILITY_VERSION = 1;
				DYLIB_CURRENT_VERSION = 1;
				DYLIB_INSTALL_NAME_BASE = "@rpath";
				INFOPLIST_FILE = FramewrokTest/Info.plist;
				INSTALL_PATH = "$(LOCAL_LIBRARY_DIR)/Frameworks";
				IPHONEOS_DEPLOYMENT_TARGET = 8.0;
				LD_RUNPATH_SEARCH_PATHS = (
					"$(inherited)",
					"@executable_path/Frameworks",
					"@loader_path/Frameworks",
				);
				MACH_O_TYPE = staticlib;
				PRODUCT_BUNDLE_IDENTIFIER = com.yodo1.FramewrokTest;
				PRODUCT_NAME = "$(TARGET_NAME:c99extidentifier)";
				SKIP_INSTALL = YES;
				TARGETED_DEVICE_FAMILY = "1,2";
			};
			name = Release;
		};
/* End XCBuildConfiguration section */

/* Begin XCConfigurationList section */
		58846D14232A37B8002B3D27 /* Build configuration list for PBXAggregateTarget "frameworkShell" */ = {
			isa = XCConfigurationList;
			buildConfigurations = (
				58846D12232A37B8002B3D27 /* Debug */,
				58846D13232A37B8002B3D27 /* Release */,
			);
			defaultConfigurationIsVisible = 0;
			defaultConfigurationName = Release;
		};
		58E9E323232A35070033A27E /* Build configuration list for PBXProject "FramewrokTest" */ = {
			isa = XCConfigurationList;
			buildConfigurations = (
				58E9E32F232A35070033A27E /* Debug */,
				58E9E330232A35070033A27E /* Release */,
			);
			defaultConfigurationIsVisible = 0;
			defaultConfigurationName = Release;
		};
		58E9E331232A35070033A27E /* Build configuration list for PBXNativeTarget "FramewrokTest" */ = {
			isa = XCConfigurationList;
			buildConfigurations = (
				58E9E332232A35070033A27E /* Debug */,
				58E9E333232A35070033A27E /* Release */,
			);
			defaultConfigurationIsVisible = 0;
			defaultConfigurationName = Release;
		};
/* End XCConfigurationList section */
	};
	rootObject = 58E9E320232A35070033A27E /* Project object */;
}
